
Microsoft Visual Studio Solution File, Format Version 12.00
# Visual Studio Version 16
VisualStudioVersion = 16.0.31911.196
MinimumVisualStudioVersion = 10.0.40219.1
Project("{E24C65DC-7377-472B-9ABA-BC803B73C61A}") = "Projev-RaporTakipveDeğerlendirme", "Projev-RaporTakipveDeğerlendirme\", "{ED687F7D-AF7D-4CAF-93E7-0A71A45765C7}"
	ProjectSection(WebsiteProperties) = preProject
		TargetFrameworkMoniker = ".NETFramework,Version%3Dv4.7.2"
		Debug.AspNetCompiler.VirtualPath = "/localhost_54302"
		Debug.AspNetCompiler.PhysicalPath = "Projev-RaporTakipveDeğerlendirme\"
		Debug.AspNetCompiler.TargetPath = "PrecompiledWeb\localhost_54302\"
		Debug.AspNetCompiler.Updateable = "true"
		Debug.AspNetCompiler.ForceOverwrite = "true"
		Debug.AspNetCompiler.FixedNames = "false"
		Debug.AspNetCompiler.Debug = "True"
		Release.AspNetCompiler.VirtualPath = "/localhost_54302"
		Release.AspNetCompiler.PhysicalPath = "Projev-RaporTakipveDeğerlendirme\"
		Release.AspNetCompiler.TargetPath = "PrecompiledWeb\localhost_54302\"
		Release.AspNetCompiler.Updateable = "true"
		Release.AspNetCompiler.ForceOverwrite = "true"
		Release.AspNetCompiler.FixedNames = "false"
		Release.AspNetCompiler.Debug = "False"
		VWDPort = "54302"
		SlnRelativePath = "Projev-RaporTakipveDeğerlendirme\"
		DefaultWebSiteLanguage = "Visual C#"
	EndProjectSection
EndProject
Global
	GlobalSection(SolutionConfigurationPlatforms) = preSolution
		Debug|Any CPU = Debug|Any CPU
	EndGlobalSection
	GlobalSection(ProjectConfigurationPlatforms) = postSolution
		{ED687F7D-AF7D-4CAF-93E7-0A71A45765C7}.Debug|Any CPU.ActiveCfg = Debug|Any CPU
		{ED687F7D-AF7D-4CAF-93E7-0A71A45765C7}.Debug|Any CPU.Build.0 = Debug|Any CPU
	EndGlobalSection
	GlobalSection(SolutionProperties) = preSolution
		HideSolutionNode = FALSE
	EndGlobalSection
	GlobalSection(ExtensibilityGlobals) = postSolution
		SolutionGuid = {611FF790-18B7-42FC-8447-CDD4AAA897DF}
	EndGlobalSection
EndGlobal
